
Microsoft Visual Studio Solution File, Format Version 12.00
# Visual Studio Version 16
VisualStudioVersion = 16.0.32106.194
MinimumVisualStudioVersion = 10.0.40219.1
Project("{00D1A9C2-B5F0-4AF3-8072-F6C62B433612}") = "IFUA.SZTE.BI.DB", "IFUA.SZTE.BI.DB\IFUA.SZTE.BI.DB.sqlproj", "{6BD4EA23-A1AA-4DB6-9262-6E6E1C44E428}"
EndProject
Project("{FAE04EC0-301F-11D3-BF4B-00C04F79EFBC}") = "IFUA.SZTE.BI.WS", "IFUA.SZTE.BI.WS\IFUA.SZTE.BI.WS.csproj", "{0C3CF7D6-6AA1-446B-8E96-6312B264E657}"
EndProject
Global
	GlobalSection(SolutionConfigurationPlatforms) = preSolution
		Debug|Any CPU = Debug|Any CPU
		Release|Any CPU = Release|Any CPU
	EndGlobalSection
	GlobalSection(ProjectConfigurationPlatforms) = postSolution
		{6BD4EA23-A1AA-4DB6-9262-6E6E1C44E428}.Debug|Any CPU.ActiveCfg = Debug|Any CPU
		{6BD4EA23-A1AA-4DB6-9262-6E6E1C44E428}.Debug|Any CPU.Build.0 = Debug|Any CPU
		{6BD4EA23-A1AA-4DB6-9262-6E6E1C44E428}.Debug|Any CPU.Deploy.0 = Debug|Any CPU
		{6BD4EA23-A1AA-4DB6-9262-6E6E1C44E428}.Release|Any CPU.ActiveCfg = Release|Any CPU
		{6BD4EA23-A1AA-4DB6-9262-6E6E1C44E428}.Release|Any CPU.Build.0 = Release|Any CPU
		{6BD4EA23-A1AA-4DB6-9262-6E6E1C44E428}.Release|Any CPU.Deploy.0 = Release|Any CPU
		{0C3CF7D6-6AA1-446B-8E96-6312B264E657}.Debug|Any CPU.ActiveCfg = Debug|Any CPU
		{0C3CF7D6-6AA1-446B-8E96-6312B264E657}.Debug|Any CPU.Build.0 = Debug|Any CPU
		{0C3CF7D6-6AA1-446B-8E96-6312B264E657}.Release|Any CPU.ActiveCfg = Release|Any CPU
		{0C3CF7D6-6AA1-446B-8E96-6312B264E657}.Release|Any CPU.Build.0 = Release|Any CPU
	EndGlobalSection
	GlobalSection(SolutionProperties) = preSolution
		HideSolutionNode = FALSE
	EndGlobalSection
	GlobalSection(ExtensibilityGlobals) = postSolution
		SolutionGuid = {D7E1E309-BC25-49B6-908B-DA6DF3960793}
	EndGlobalSection
EndGlobal
